
Microsoft Visual Studio Solution File, Format Version 12.00
# Visual Studio Version 17
VisualStudioVersion = 17.8.34330.188
MinimumVisualStudioVersion = 10.0.40219.1
Project("{FAE04EC0-301F-11D3-BF4B-00C04F79EFBC}") = "halit", "halit\halit.csproj", "{5985D14B-9176-4C46-A5CB-02E90E8F1BBE}"
EndProject
Global
	GlobalSection(SolutionConfigurationPlatforms) = preSolution
		Debug|Any CPU = Debug|Any CPU
		Release|Any CPU = Release|Any CPU
	EndGlobalSection
	GlobalSection(ProjectConfigurationPlatforms) = postSolution
		{5985D14B-9176-4C46-A5CB-02E90E8F1BBE}.Debug|Any CPU.ActiveCfg = Debug|Any CPU
		{5985D14B-9176-4C46-A5CB-02E90E8F1BBE}.Debug|Any CPU.Build.0 = Debug|Any CPU
		{5985D14B-9176-4C46-A5CB-02E90E8F1BBE}.Release|Any CPU.ActiveCfg = Release|Any CPU
		{5985D14B-9176-4C46-A5CB-02E90E8F1BBE}.Release|Any CPU.Build.0 = Release|Any CPU
	EndGlobalSection
	GlobalSection(SolutionProperties) = preSolution
		HideSolutionNode = FALSE
	EndGlobalSection
	GlobalSection(ExtensibilityGlobals) = postSolution
		SolutionGuid = {51E56A4F-2D59-4848-B361-0706925F0458}
	EndGlobalSection
EndGlobal
